
Microsoft Visual Studio Solution File, Format Version 12.00
# Visual Studio Version 16
VisualStudioVersion = 16.0.31911.196
MinimumVisualStudioVersion = 10.0.40219.1
Project("{FAE04EC0-301F-11D3-BF4B-00C04F79EFBC}") = "OnboardTask-HuyHaDUc", "OnboardTask-HuyHaDUc\OnboardTask-HuyHaDUc.csproj", "{076B427B-181C-4679-B88D-7BD6756B2FDF}"
EndProject
Global
	GlobalSection(SolutionConfigurationPlatforms) = preSolution
		Debug|Any CPU = Debug|Any CPU
		Release|Any CPU = Release|Any CPU
	EndGlobalSection
	GlobalSection(ProjectConfigurationPlatforms) = postSolution
		{076B427B-181C-4679-B88D-7BD6756B2FDF}.Debug|Any CPU.ActiveCfg = Debug|Any CPU
		{076B427B-181C-4679-B88D-7BD6756B2FDF}.Debug|Any CPU.Build.0 = Debug|Any CPU
		{076B427B-181C-4679-B88D-7BD6756B2FDF}.Release|Any CPU.ActiveCfg = Release|Any CPU
		{076B427B-181C-4679-B88D-7BD6756B2FDF}.Release|Any CPU.Build.0 = Release|Any CPU
	EndGlobalSection
	GlobalSection(SolutionProperties) = preSolution
		HideSolutionNode = FALSE
	EndGlobalSection
	GlobalSection(ExtensibilityGlobals) = postSolution
		SolutionGuid = {50E863A8-C799-4DF0-BF52-B1462DE49AB6}
	EndGlobalSection
EndGlobal
